
Microsoft Visual Studio Solution File, Format Version 12.00
# Visual Studio Version 17
VisualStudioVersion = 17.14.36804.6
MinimumVisualStudioVersion = 10.0.40219.1
Project("{FAE04EC0-301F-11D3-BF4B-00C04F79EFBC}") = "DAL", "DAL\DAL.csproj", "{D7F69AE9-8B3B-4AC6-812E-AEFB505655C4}"
EndProject
Project("{FAE04EC0-301F-11D3-BF4B-00C04F79EFBC}") = "API", "API\API.csproj", "{B534BE61-E525-46A9-8D03-AC7BF4869BC7}"
EndProject
Global
	GlobalSection(SolutionConfigurationPlatforms) = preSolution
		Debug|Any CPU = Debug|Any CPU
		Release|Any CPU = Release|Any CPU
	EndGlobalSection
	GlobalSection(ProjectConfigurationPlatforms) = postSolution
		{D7F69AE9-8B3B-4AC6-812E-AEFB505655C4}.Debug|Any CPU.ActiveCfg = Debug|Any CPU
		{D7F69AE9-8B3B-4AC6-812E-AEFB505655C4}.Debug|Any CPU.Build.0 = Debug|Any CPU
		{D7F69AE9-8B3B-4AC6-812E-AEFB505655C4}.Release|Any CPU.ActiveCfg = Release|Any CPU
		{D7F69AE9-8B3B-4AC6-812E-AEFB505655C4}.Release|Any CPU.Build.0 = Release|Any CPU
		{B534BE61-E525-46A9-8D03-AC7BF4869BC7}.Debug|Any CPU.ActiveCfg = Debug|Any CPU
		{B534BE61-E525-46A9-8D03-AC7BF4869BC7}.Debug|Any CPU.Build.0 = Debug|Any CPU
		{B534BE61-E525-46A9-8D03-AC7BF4869BC7}.Release|Any CPU.ActiveCfg = Release|Any CPU
		{B534BE61-E525-46A9-8D03-AC7BF4869BC7}.Release|Any CPU.Build.0 = Release|Any CPU
	EndGlobalSection
	GlobalSection(SolutionProperties) = preSolution
		HideSolutionNode = FALSE
	EndGlobalSection
	GlobalSection(ExtensibilityGlobals) = postSolution
		SolutionGuid = {744EBBCF-F57A-44C5-B3FD-5B30BBA3B7AE}
	EndGlobalSection
EndGlobal
